
Microsoft Visual Studio Solution File, Format Version 12.00
# Visual Studio 15
VisualStudioVersion = 15.0.27130.2027
MinimumVisualStudioVersion = 10.0.40219.1
Project("{FAE04EC0-301F-11D3-BF4B-00C04F79EFBC}") = "Parduotuve_povbuk", "Parduotuve_povbuk\Parduotuve_povbuk.csproj", "{62C634CA-FCFA-4DB1-9DC3-C792492A515B}"
EndProject
Global
	GlobalSection(SolutionConfigurationPlatforms) = preSolution
		Debug|Any CPU = Debug|Any CPU
		Release|Any CPU = Release|Any CPU
	EndGlobalSection
	GlobalSection(ProjectConfigurationPlatforms) = postSolution
		{62C634CA-FCFA-4DB1-9DC3-C792492A515B}.Debug|Any CPU.ActiveCfg = Debug|Any CPU
		{62C634CA-FCFA-4DB1-9DC3-C792492A515B}.Debug|Any CPU.Build.0 = Debug|Any CPU
		{62C634CA-FCFA-4DB1-9DC3-C792492A515B}.Release|Any CPU.ActiveCfg = Release|Any CPU
		{62C634CA-FCFA-4DB1-9DC3-C792492A515B}.Release|Any CPU.Build.0 = Release|Any CPU
	EndGlobalSection
	GlobalSection(SolutionProperties) = preSolution
		HideSolutionNode = FALSE
	EndGlobalSection
	GlobalSection(ExtensibilityGlobals) = postSolution
		SolutionGuid = {759E5CC8-4180-4093-882F-3A32EC7973A7}
	EndGlobalSection
EndGlobal
